
Microsoft Visual Studio Solution File, Format Version 12.00
Project("{FAE04EC0-301F-11D3-BF4B-00C04F79EFBC}") = "TimerExample", "TimerExample\TimerExample.csproj", "{74D74C25-CD7F-4E1C-87C4-172DB0A59BBA}"
EndProject
Global
	GlobalSection(SolutionConfigurationPlatforms) = preSolution
		Debug|Any CPU = Debug|Any CPU
		Release|Any CPU = Release|Any CPU
	EndGlobalSection
	GlobalSection(ProjectConfigurationPlatforms) = postSolution
		{74D74C25-CD7F-4E1C-87C4-172DB0A59BBA}.Debug|Any CPU.ActiveCfg = Debug|Any CPU
		{74D74C25-CD7F-4E1C-87C4-172DB0A59BBA}.Debug|Any CPU.Build.0 = Debug|Any CPU
		{74D74C25-CD7F-4E1C-87C4-172DB0A59BBA}.Release|Any CPU.ActiveCfg = Release|Any CPU
		{74D74C25-CD7F-4E1C-87C4-172DB0A59BBA}.Release|Any CPU.Build.0 = Release|Any CPU
	EndGlobalSection
EndGlobal
